
Microsoft Visual Studio Solution File, Format Version 12.00
# Visual Studio 2012
Project("{FAE04EC0-301F-11D3-BF4B-00C04F79EFBC}") = "Application", "Application\Application.csproj", "{7A812089-70E3-46C4-8762-C92D2674EFC2}"
EndProject
Global
	GlobalSection(SolutionConfigurationPlatforms) = preSolution
		Debug|iPhoneSimulator = Debug|iPhoneSimulator
		Release|iPhone = Release|iPhone
		Release|iPhoneSimulator = Release|iPhoneSimulator
		Debug|iPhone = Debug|iPhone
	EndGlobalSection
	GlobalSection(ProjectConfigurationPlatforms) = postSolution
		{7A812089-70E3-46C4-8762-C92D2674EFC2}.Debug|iPhoneSimulator.ActiveCfg = Debug|iPhoneSimulator
		{7A812089-70E3-46C4-8762-C92D2674EFC2}.Debug|iPhoneSimulator.Build.0 = Debug|iPhoneSimulator
		{7A812089-70E3-46C4-8762-C92D2674EFC2}.Release|iPhone.ActiveCfg = Release|iPhone
		{7A812089-70E3-46C4-8762-C92D2674EFC2}.Release|iPhone.Build.0 = Release|iPhone
		{7A812089-70E3-46C4-8762-C92D2674EFC2}.Release|iPhoneSimulator.ActiveCfg = Release|iPhoneSimulator
		{7A812089-70E3-46C4-8762-C92D2674EFC2}.Release|iPhoneSimulator.Build.0 = Release|iPhoneSimulator
		{7A812089-70E3-46C4-8762-C92D2674EFC2}.Debug|iPhone.ActiveCfg = Debug|iPhone
		{7A812089-70E3-46C4-8762-C92D2674EFC2}.Debug|iPhone.Build.0 = Debug|iPhone
	EndGlobalSection
EndGlobal
